# @generated - this file is auto-generated by `mise lock` https://mise.en.dev/dev-tools/mise-lock.html

[[tools."aqua:FiloSottile/age"]]
version = "1.3.1"
backend = "aqua:FiloSottile/age"

[tools."aqua:FiloSottile/age"."platforms.linux-arm64"]
checksum = "sha256:c6878a324421b69e3e20b00ba17c04bc5c6dab0030cfe55bf8f68fa8d9e9093a"
url = "https://github.com/FiloSottile/age/releases/download/v1.3.1/age-v1.3.1-linux-arm64.tar.gz"
provenance = "github-attestations"

[tools."aqua:FiloSottile/age"."platforms.linux-arm64-musl"]
checksum = "sha256:c6878a324421b69e3e20b00ba17c04bc5c6dab0030cfe55bf8f68fa8d9e9093a"
url = "https://github.com/FiloSottile/age/releases/download/v1.3.1/age-v1.3.1-linux-arm64.tar.gz"
provenance = "github-attestations"

[tools."aqua:FiloSottile/age"."platforms.linux-x64"]
checksum = "sha256:bdc69c09cbdd6cf8b1f333d372a1f58247b3a33146406333e30c0f26e8f51377"
url = "https://github.com/FiloSottile/age/releases/download/v1.3.1/age-v1.3.1-linux-amd64.tar.gz"
provenance = "github-attestations"

[tools."aqua:FiloSottile/age"."platforms.linux-x64-musl"]
checksum = "sha256:bdc69c09cbdd6cf8b1f333d372a1f58247b3a33146406333e30c0f26e8f51377"
url = "https://github.com/FiloSottile/age/releases/download/v1.3.1/age-v1.3.1-linux-amd64.tar.gz"
provenance = "github-attestations"

[tools."aqua:FiloSottile/age"."platforms.macos-arm64"]
checksum = "sha256:01120ea2cbf0463d4c6bd767f99f3271bbed1cdc8a9aa718a76ba1fe4f01998b"
url = "https://github.com/FiloSottile/age/releases/download/v1.3.1/age-v1.3.1-darwin-arm64.tar.gz"
provenance = "github-attestations"

[tools."aqua:FiloSottile/age"."platforms.macos-x64"]
checksum = "sha256:2b233301ad21ab7b1eabd9ae1198a164005fa4928fcdd745d47c39f8593209d7"
url = "https://github.com/FiloSottile/age/releases/download/v1.3.1/age-v1.3.1-darwin-amd64.tar.gz"
provenance = "github-attestations"

[tools."aqua:FiloSottile/age"."platforms.windows-x64"]
checksum = "sha256:c56e8ce22f7e80cb85ad946cc82d198767b056366201d3e1a2b93d865be38154"
url = "https://github.com/FiloSottile/age/releases/download/v1.3.1/age-v1.3.1-windows-amd64.zip"
provenance = "github-attestations"

[[tools."aqua:casey/just"]]
version = "1.54.0"
backend = "aqua:casey/just"

[tools."aqua:casey/just"."platforms.linux-arm64"]
checksum = "sha256:2162accb54d087c6fbd165c1baedccb0f93b4953af7f00309b8f928016c49cae"
url = "https://github.com/casey/just/releases/download/1.54.0/just-1.54.0-aarch64-unknown-linux-musl.tar.gz"

[tools."aqua:casey/just"."platforms.linux-arm64-musl"]
checksum = "sha256:2162accb54d087c6fbd165c1baedccb0f93b4953af7f00309b8f928016c49cae"
url = "https://github.com/casey/just/releases/download/1.54.0/just-1.54.0-aarch64-unknown-linux-musl.tar.gz"

[tools."aqua:casey/just"."platforms.linux-x64"]
checksum = "sha256:193e2b04bac8ff3568ff81cf62f8c9db08f8083e16665e28d400dd35bac47ffd"
url = "https://github.com/casey/just/releases/download/1.54.0/just-1.54.0-x86_64-unknown-linux-musl.tar.gz"

[tools."aqua:casey/just"."platforms.linux-x64-musl"]
checksum = "sha256:193e2b04bac8ff3568ff81cf62f8c9db08f8083e16665e28d400dd35bac47ffd"
url = "https://github.com/casey/just/releases/download/1.54.0/just-1.54.0-x86_64-unknown-linux-musl.tar.gz"

[tools."aqua:casey/just"."platforms.macos-arm64"]
checksum = "sha256:a776fc5015491f84580875bc6dad3de59fa4f47a309ccac49d1287cb55f9b599"
url = "https://github.com/casey/just/releases/download/1.54.0/just-1.54.0-aarch64-apple-darwin.tar.gz"

[tools."aqua:casey/just"."platforms.macos-x64"]
checksum = "sha256:3f1adefef12bcdf99134a44bde53b779e83726381e15de92113ce4bf2a3cf61f"
url = "https://github.com/casey/just/releases/download/1.54.0/just-1.54.0-x86_64-apple-darwin.tar.gz"

[tools."aqua:casey/just"."platforms.windows-x64"]
checksum = "sha256:860e21474e956eaa9879d62f68cc24530254eefe14ac108eaf707c0daf56a6d0"
url = "https://github.com/casey/just/releases/download/1.54.0/just-1.54.0-x86_64-pc-windows-msvc.zip"

[[tools."aqua:cert-manager/cmctl"]]
version = "2.5.0"
backend = "aqua:cert-manager/cmctl"

[tools."aqua:cert-manager/cmctl"."platforms.linux-arm64"]
checksum = "sha256:d12c9b8850e0f71c9c929aa867ce0708715eceafc434babb7d77affe0693c42a"
url = "https://github.com/cert-manager/cmctl/releases/download/v2.5.0/cmctl_linux_arm64"
provenance = "cosign"

[tools."aqua:cert-manager/cmctl"."platforms.linux-arm64-musl"]
checksum = "sha256:d12c9b8850e0f71c9c929aa867ce0708715eceafc434babb7d77affe0693c42a"
url = "https://github.com/cert-manager/cmctl/releases/download/v2.5.0/cmctl_linux_arm64"
provenance = "cosign"

[tools."aqua:cert-manager/cmctl"."platforms.linux-x64"]
checksum = "sha256:60e80ba23d18f35032267fb83ab2e6f4b522edce38889ad61292b45a2e9436df"
url = "https://github.com/cert-manager/cmctl/releases/download/v2.5.0/cmctl_linux_amd64"
provenance = "cosign"

[tools."aqua:cert-manager/cmctl"."platforms.linux-x64-musl"]
checksum = "sha256:60e80ba23d18f35032267fb83ab2e6f4b522edce38889ad61292b45a2e9436df"
url = "https://github.com/cert-manager/cmctl/releases/download/v2.5.0/cmctl_linux_amd64"
provenance = "cosign"

[tools."aqua:cert-manager/cmctl"."platforms.macos-arm64"]
checksum = "sha256:2d77c6c5f6ae6f635827d4f1b5a9d2f55d555c864896935ba29304e010ba84e2"
url = "https://github.com/cert-manager/cmctl/releases/download/v2.5.0/cmctl_darwin_arm64"
provenance = "cosign"

[tools."aqua:cert-manager/cmctl"."platforms.macos-x64"]
checksum = "sha256:cc281fb36250bc2654bc2a21acaa89ef75533b750f7b448f881faa59dafe8b88"
url = "https://github.com/cert-manager/cmctl/releases/download/v2.5.0/cmctl_darwin_amd64"
provenance = "cosign"

[tools."aqua:cert-manager/cmctl"."platforms.windows-x64"]
checksum = "sha256:e0905dd0c5daa50189672504adef0daeaffa58fbfea782d8e418cf23a991ce3a"
url = "https://github.com/cert-manager/cmctl/releases/download/v2.5.0/cmctl_windows_amd64.exe"
provenance = "cosign"

[[tools."aqua:cilium/cilium-cli"]]
version = "0.19.5"
backend = "aqua:cilium/cilium-cli"

[tools."aqua:cilium/cilium-cli"."platforms.linux-arm64"]
checksum = "sha256:5498defafc248160ca44a38be39f5ba090769ef112f9ec34a19e72dfa7e7eb25"
url = "https://github.com/cilium/cilium-cli/releases/download/v0.19.5/cilium-linux-arm64.tar.gz"

[tools."aqua:cilium/cilium-cli"."platforms.linux-arm64-musl"]
checksum = "sha256:5498defafc248160ca44a38be39f5ba090769ef112f9ec34a19e72dfa7e7eb25"
url = "https://github.com/cilium/cilium-cli/releases/download/v0.19.5/cilium-linux-arm64.tar.gz"

[tools."aqua:cilium/cilium-cli"."platforms.linux-x64"]
checksum = "sha256:67e59489b7ad17dea8eb8cc930435105dff3a4575643ad62567fb2c5ae80d246"
url = "https://github.com/cilium/cilium-cli/releases/download/v0.19.5/cilium-linux-amd64.tar.gz"

[tools."aqua:cilium/cilium-cli"."platforms.linux-x64-musl"]
checksum = "sha256:67e59489b7ad17dea8eb8cc930435105dff3a4575643ad62567fb2c5ae80d246"
url = "https://github.com/cilium/cilium-cli/releases/download/v0.19.5/cilium-linux-amd64.tar.gz"

[tools."aqua:cilium/cilium-cli"."platforms.macos-arm64"]
checksum = "sha256:7a059b65e9eb50d57fb0f3be1e84a9f7872e8eb9237a608e584245d6c36fe0ca"
url = "https://github.com/cilium/cilium-cli/releases/download/v0.19.5/cilium-darwin-arm64.tar.gz"

[tools."aqua:cilium/cilium-cli"."platforms.macos-x64"]
checksum = "sha256:b3372060f1531d5a4bea3741fe217de3bb6f8cc1c0fdcd270e22dc77ea2a272f"
url = "https://github.com/cilium/cilium-cli/releases/download/v0.19.5/cilium-darwin-amd64.tar.gz"

[tools."aqua:cilium/cilium-cli"."platforms.windows-x64"]
checksum = "sha256:c488580cd6edfbf76f905ae640f7b2679bacf3648891355ceecb7432b6afef6b"
url = "https://github.com/cilium/cilium-cli/releases/download/v0.19.5/cilium-windows-amd64.zip"

[[tools."aqua:cli/cli"]]
version = "2.95.0"
backend = "aqua:cli/cli"

[tools."aqua:cli/cli"."platforms.linux-arm64"]
checksum = "sha256:d41e0b3b6218e5741c8bb4db39b16e53a59e0e06299a8489bd38f623ef7ebaae"
url = "https://github.com/cli/cli/releases/download/v2.95.0/gh_2.95.0_linux_arm64.tar.gz"
provenance = "github-attestations"

[tools."aqua:cli/cli"."platforms.linux-arm64-musl"]
checksum = "sha256:d41e0b3b6218e5741c8bb4db39b16e53a59e0e06299a8489bd38f623ef7ebaae"
url = "https://github.com/cli/cli/releases/download/v2.95.0/gh_2.95.0_linux_arm64.tar.gz"
provenance = "github-attestations"

[tools."aqua:cli/cli"."platforms.linux-x64"]
checksum = "sha256:25d1e4729e8808c9ed3d613e96ebd3f3e44446f2d368c89d878a71a36ddb3d8c"
url = "https://github.com/cli/cli/releases/download/v2.95.0/gh_2.95.0_linux_amd64.tar.gz"
provenance = "github-attestations"

[tools."aqua:cli/cli"."platforms.linux-x64-musl"]
checksum = "sha256:25d1e4729e8808c9ed3d613e96ebd3f3e44446f2d368c89d878a71a36ddb3d8c"
url = "https://github.com/cli/cli/releases/download/v2.95.0/gh_2.95.0_linux_amd64.tar.gz"
provenance = "github-attestations"

[tools."aqua:cli/cli"."platforms.macos-arm64"]
checksum = "sha256:3677f9c27965825f9c7d50395473c134edaea4b484373ef6b25de653570a0489"
url = "https://github.com/cli/cli/releases/download/v2.95.0/gh_2.95.0_macOS_arm64.zip"
provenance = "github-attestations"

[tools."aqua:cli/cli"."platforms.macos-x64"]
checksum = "sha256:985707e9ac60c95ed51cddd808c338b481abe69fffa77e9d6547c3750045f77e"
url = "https://github.com/cli/cli/releases/download/v2.95.0/gh_2.95.0_macOS_amd64.zip"
provenance = "github-attestations"

[tools."aqua:cli/cli"."platforms.windows-x64"]
checksum = "sha256:19a7154161ada9cfaa9e57edb752ecc679b75c391a62e4f7b586eea1df30b5bb"
url = "https://github.com/cli/cli/releases/download/v2.95.0/gh_2.95.0_windows_amd64.zip"
provenance = "github-attestations"

[[tools."aqua:cloudflare/cloudflared"]]
version = "2026.6.1"
backend = "aqua:cloudflare/cloudflared"

[tools."aqua:cloudflare/cloudflared"."platforms.linux-arm64"]
checksum = "sha256:59816ce9b16db71f5bc2a86d59b3632a96c8c3ee934bde2bc8641ee83a6070eb"
url = "https://github.com/cloudflare/cloudflared/releases/download/2026.6.1/cloudflared-linux-arm64"

[tools."aqua:cloudflare/cloudflared"."platforms.linux-arm64-musl"]
checksum = "sha256:59816ce9b16db71f5bc2a86d59b3632a96c8c3ee934bde2bc8641ee83a6070eb"
url = "https://github.com/cloudflare/cloudflared/releases/download/2026.6.1/cloudflared-linux-arm64"

[tools."aqua:cloudflare/cloudflared"."platforms.linux-x64"]
checksum = "sha256:5861a10a438fe8ddcfebb3b830f83966cbf193edafce0fe2eeb198fbae1f7a22"
url = "https://github.com/cloudflare/cloudflared/releases/download/2026.6.1/cloudflared-linux-amd64"

[tools."aqua:cloudflare/cloudflared"."platforms.linux-x64-musl"]
checksum = "sha256:5861a10a438fe8ddcfebb3b830f83966cbf193edafce0fe2eeb198fbae1f7a22"
url = "https://github.com/cloudflare/cloudflared/releases/download/2026.6.1/cloudflared-linux-amd64"

[tools."aqua:cloudflare/cloudflared"."platforms.macos-arm64"]
checksum = "sha256:f6d4c439c6c782b83264951d327989ce5e23373acc5942b872411601fedb020d"
url = "https://github.com/cloudflare/cloudflared/releases/download/2026.6.1/cloudflared-darwin-arm64.tgz"

[tools."aqua:cloudflare/cloudflared"."platforms.macos-x64"]
checksum = "sha256:d7a66b525fe76820da6e5406611b61e48b40de682368ac00454d9158f085be4b"
url = "https://github.com/cloudflare/cloudflared/releases/download/2026.6.1/cloudflared-darwin-amd64.tgz"

[tools."aqua:cloudflare/cloudflared"."platforms.windows-x64"]
checksum = "sha256:5253e66f1f493c4e13539749f1aa86fd0c61e3072900fec29a44ba046a6d97e2"
url = "https://github.com/cloudflare/cloudflared/releases/download/2026.6.1/cloudflared-windows-amd64.exe"

[[tools."aqua:fluxcd/flux2"]]
version = "2.9.0"
backend = "aqua:fluxcd/flux2"

[tools."aqua:fluxcd/flux2"."platforms.linux-arm64"]
checksum = "sha256:76b4ed5535c04c32789743d7d2c29d1f7b5b3a4a269ef305c4c9757029ecce2a"
url = "https://github.com/fluxcd/flux2/releases/download/v2.9.0/flux_2.9.0_linux_arm64.tar.gz"

[tools."aqua:fluxcd/flux2"."platforms.linux-arm64".provenance.slsa]
url = "https://github.com/fluxcd/flux2/releases/download/v2.9.0/provenance.intoto.jsonl"

[tools."aqua:fluxcd/flux2"."platforms.linux-arm64-musl"]
checksum = "sha256:76b4ed5535c04c32789743d7d2c29d1f7b5b3a4a269ef305c4c9757029ecce2a"
url = "https://github.com/fluxcd/flux2/releases/download/v2.9.0/flux_2.9.0_linux_arm64.tar.gz"

[tools."aqua:fluxcd/flux2"."platforms.linux-arm64-musl".provenance.slsa]
url = "https://github.com/fluxcd/flux2/releases/download/v2.9.0/provenance.intoto.jsonl"

[tools."aqua:fluxcd/flux2"."platforms.linux-x64"]
checksum = "sha256:7aa9779fc7ec6d030e609dab7dbed8c6fc9e3a7f4670834ad02369268aaf341f"
url = "https://github.com/fluxcd/flux2/releases/download/v2.9.0/flux_2.9.0_linux_amd64.tar.gz"

[tools."aqua:fluxcd/flux2"."platforms.linux-x64".provenance.slsa]
url = "https://github.com/fluxcd/flux2/releases/download/v2.9.0/provenance.intoto.jsonl"

[tools."aqua:fluxcd/flux2"."platforms.linux-x64-musl"]
checksum = "sha256:7aa9779fc7ec6d030e609dab7dbed8c6fc9e3a7f4670834ad02369268aaf341f"
url = "https://github.com/fluxcd/flux2/releases/download/v2.9.0/flux_2.9.0_linux_amd64.tar.gz"

[tools."aqua:fluxcd/flux2"."platforms.linux-x64-musl".provenance.slsa]
url = "https://github.com/fluxcd/flux2/releases/download/v2.9.0/provenance.intoto.jsonl"

[tools."aqua:fluxcd/flux2"."platforms.macos-arm64"]
checksum = "sha256:b69f857a632683c38531093743a08be00bf172ea1eae65118f11c560b42f6466"
url = "https://github.com/fluxcd/flux2/releases/download/v2.9.0/flux_2.9.0_darwin_arm64.tar.gz"

[tools."aqua:fluxcd/flux2"."platforms.macos-arm64".provenance.slsa]
url = "https://github.com/fluxcd/flux2/releases/download/v2.9.0/provenance.intoto.jsonl"

[tools."aqua:fluxcd/flux2"."platforms.macos-x64"]
checksum = "sha256:f6b22502360a530d440f622a52753d8d152953bbf972dbae23fe25a0ad3447cb"
url = "https://github.com/fluxcd/flux2/releases/download/v2.9.0/flux_2.9.0_darwin_amd64.tar.gz"

[tools."aqua:fluxcd/flux2"."platforms.macos-x64".provenance.slsa]
url = "https://github.com/fluxcd/flux2/releases/download/v2.9.0/provenance.intoto.jsonl"

[tools."aqua:fluxcd/flux2"."platforms.windows-x64"]
checksum = "sha256:9d0a60c8398b13b2edce23ff36b3fac0166ad0a829ff9ead0d5ddcf8aac8f8c6"
url = "https://github.com/fluxcd/flux2/releases/download/v2.9.0/flux_2.9.0_windows_amd64.zip"

[tools."aqua:fluxcd/flux2"."platforms.windows-x64".provenance.slsa]
url = "https://github.com/fluxcd/flux2/releases/download/v2.9.0/provenance.intoto.jsonl"

[[tools."aqua:helm/helm"]]
version = "4.2.2"
backend = "aqua:helm/helm"

[tools."aqua:helm/helm"."platforms.linux-arm64"]
checksum = "sha256:78803142087a0069fa4b50d3f32a84d3ef25c14d1ee8a40fbccf86a6216d2f36"
url = "https://get.helm.sh/helm-v4.2.2-linux-arm64.tar.gz"

[tools."aqua:helm/helm"."platforms.linux-arm64-musl"]
checksum = "sha256:78803142087a0069fa4b50d3f32a84d3ef25c14d1ee8a40fbccf86a6216d2f36"
url = "https://get.helm.sh/helm-v4.2.2-linux-arm64.tar.gz"

[tools."aqua:helm/helm"."platforms.linux-x64"]
checksum = "sha256:9adafecab4d406853bba163a70e9f104f47dbbf65ce24b7653bae7e36150bcb6"
url = "https://get.helm.sh/helm-v4.2.2-linux-amd64.tar.gz"

[tools."aqua:helm/helm"."platforms.linux-x64-musl"]
checksum = "sha256:9adafecab4d406853bba163a70e9f104f47dbbf65ce24b7653bae7e36150bcb6"
url = "https://get.helm.sh/helm-v4.2.2-linux-amd64.tar.gz"

[tools."aqua:helm/helm"."platforms.macos-arm64"]
checksum = "sha256:5410a0dae3d5d91f45653b161260d9301aabc4ae80ae50a6605d66884b6df8ea"
url = "https://get.helm.sh/helm-v4.2.2-darwin-arm64.tar.gz"

[tools."aqua:helm/helm"."platforms.macos-x64"]
checksum = "sha256:10c1e36ee8c5f2e2ee25a16599cb03ab74c0953cd889cacb980a49ba4b6574ba"
url = "https://get.helm.sh/helm-v4.2.2-darwin-amd64.tar.gz"

[tools."aqua:helm/helm"."platforms.windows-x64"]
checksum = "sha256:29589dad546f8bcd3a6ad92261fcb4a6c9db4a32f9e4fc4f5212db189553dc60"
url = "https://get.helm.sh/helm-v4.2.2-windows-amd64.tar.gz"

[[tools."aqua:helmfile/helmfile"]]
version = "1.6.0"
backend = "aqua:helmfile/helmfile"

[tools."aqua:helmfile/helmfile"."platforms.linux-arm64"]
checksum = "sha256:9f29b29ff017af7dc6feca632f9a683a6c8c5a0dc5a96dd1a2df3f1016c14823"
url = "https://github.com/helmfile/helmfile/releases/download/v1.6.0/helmfile_1.6.0_linux_arm64.tar.gz"

[tools."aqua:helmfile/helmfile"."platforms.linux-arm64-musl"]
checksum = "sha256:9f29b29ff017af7dc6feca632f9a683a6c8c5a0dc5a96dd1a2df3f1016c14823"
url = "https://github.com/helmfile/helmfile/releases/download/v1.6.0/helmfile_1.6.0_linux_arm64.tar.gz"

[tools."aqua:helmfile/helmfile"."platforms.linux-x64"]
checksum = "sha256:44c617bc12b5f7f1ca1da5333ccbd3865b314c132168b4ce1127f47e756008dc"
url = "https://github.com/helmfile/helmfile/releases/download/v1.6.0/helmfile_1.6.0_linux_amd64.tar.gz"

[tools."aqua:helmfile/helmfile"."platforms.linux-x64-musl"]
checksum = "sha256:44c617bc12b5f7f1ca1da5333ccbd3865b314c132168b4ce1127f47e756008dc"
url = "https://github.com/helmfile/helmfile/releases/download/v1.6.0/helmfile_1.6.0_linux_amd64.tar.gz"

[tools."aqua:helmfile/helmfile"."platforms.macos-arm64"]
checksum = "sha256:49bb9f88bf264f0c004213971cd308925676f6e5200bb940498f5acbc06107fc"
url = "https://github.com/helmfile/helmfile/releases/download/v1.6.0/helmfile_1.6.0_darwin_arm64.tar.gz"

[tools."aqua:helmfile/helmfile"."platforms.macos-x64"]
checksum = "sha256:6a1b197e43262de2ab2c08ff532764693345bc522d7b2eedc7bf8bfd2fe08780"
url = "https://github.com/helmfile/helmfile/releases/download/v1.6.0/helmfile_1.6.0_darwin_amd64.tar.gz"

[tools."aqua:helmfile/helmfile"."platforms.windows-x64"]
checksum = "sha256:6fe6bc2979dff6b709801f9addd5d5dccc0c3d7ac52e96f38151db3f30b8b2a8"
url = "https://github.com/helmfile/helmfile/releases/download/v1.6.0/helmfile_1.6.0_windows_amd64.tar.gz"

[[tools."aqua:jqlang/jq"]]
version = "1.8.1"
backend = "aqua:jqlang/jq"

[tools."aqua:jqlang/jq"."platforms.linux-arm64"]
checksum = "sha256:6bc62f25981328edd3cfcfe6fe51b073f2d7e7710d7ef7fcdac28d4e384fc3d4"
url = "https://github.com/jqlang/jq/releases/download/jq-1.8.1/jq-linux-arm64"
provenance = "github-attestations"

[tools."aqua:jqlang/jq"."platforms.linux-arm64-musl"]
checksum = "sha256:6bc62f25981328edd3cfcfe6fe51b073f2d7e7710d7ef7fcdac28d4e384fc3d4"
url = "https://github.com/jqlang/jq/releases/download/jq-1.8.1/jq-linux-arm64"
provenance = "github-attestations"

[tools."aqua:jqlang/jq"."platforms.linux-x64"]
checksum = "sha256:020468de7539ce70ef1bceaf7cde2e8c4f2ca6c3afb84642aabc5c97d9fc2a0d"
url = "https://github.com/jqlang/jq/releases/download/jq-1.8.1/jq-linux-amd64"
provenance = "github-attestations"

[tools."aqua:jqlang/jq"."platforms.linux-x64-musl"]
checksum = "sha256:020468de7539ce70ef1bceaf7cde2e8c4f2ca6c3afb84642aabc5c97d9fc2a0d"
url = "https://github.com/jqlang/jq/releases/download/jq-1.8.1/jq-linux-amd64"
provenance = "github-attestations"

[tools."aqua:jqlang/jq"."platforms.macos-arm64"]
checksum = "sha256:a9fe3ea2f86dfc72f6728417521ec9067b343277152b114f4e98d8cb0e263603"
url = "https://github.com/jqlang/jq/releases/download/jq-1.8.1/jq-macos-arm64"
provenance = "github-attestations"

[tools."aqua:jqlang/jq"."platforms.macos-x64"]
checksum = "sha256:e80dbe0d2a2597e3c11c404f03337b981d74b4a8504b70586c354b7697a7c27f"
url = "https://github.com/jqlang/jq/releases/download/jq-1.8.1/jq-macos-amd64"
provenance = "github-attestations"

[tools."aqua:jqlang/jq"."platforms.windows-x64"]
checksum = "sha256:23cb60a1354eed6bcc8d9b9735e8c7b388cd1fdcb75726b93bc299ef22dd9334"
url = "https://github.com/jqlang/jq/releases/download/jq-1.8.1/jq-windows-amd64.exe"
provenance = "github-attestations"

[[tools."aqua:kubernetes-sigs/kustomize"]]
version = "5.7.1"
backend = "aqua:kubernetes-sigs/kustomize"

[tools."aqua:kubernetes-sigs/kustomize"."platforms.linux-arm64"]
checksum = "sha256:4261a040217df3bd6896597c3986d1465925726e4f22a945304b5233a4dcdbda"
url = "https://github.com/kubernetes-sigs/kustomize/releases/download/kustomize/v5.7.1/kustomize_v5.7.1_linux_arm64.tar.gz"

[tools."aqua:kubernetes-sigs/kustomize"."platforms.linux-arm64-musl"]
checksum = "sha256:4261a040217df3bd6896597c3986d1465925726e4f22a945304b5233a4dcdbda"
url = "https://github.com/kubernetes-sigs/kustomize/releases/download/kustomize/v5.7.1/kustomize_v5.7.1_linux_arm64.tar.gz"

[tools."aqua:kubernetes-sigs/kustomize"."platforms.linux-x64"]
checksum = "sha256:ea375e7372f9aa029129d4b2d16c66b7750b7f1213c4f66f910d981c895818d8"
url = "https://github.com/kubernetes-sigs/kustomize/releases/download/kustomize/v5.7.1/kustomize_v5.7.1_linux_amd64.tar.gz"

[tools."aqua:kubernetes-sigs/kustomize"."platforms.linux-x64-musl"]
checksum = "sha256:ea375e7372f9aa029129d4b2d16c66b7750b7f1213c4f66f910d981c895818d8"
url = "https://github.com/kubernetes-sigs/kustomize/releases/download/kustomize/v5.7.1/kustomize_v5.7.1_linux_amd64.tar.gz"

[tools."aqua:kubernetes-sigs/kustomize"."platforms.macos-arm64"]
checksum = "sha256:073e9d16d5a235e2ff83e62d6b76edb5d962adbc33be1e4860c4b3f1f39b33b9"
url = "https://github.com/kubernetes-sigs/kustomize/releases/download/kustomize/v5.7.1/kustomize_v5.7.1_darwin_arm64.tar.gz"

[tools."aqua:kubernetes-sigs/kustomize"."platforms.macos-x64"]
checksum = "sha256:4a0dff80c5644df6bc8f51b342842969004cb6ba5f94dddaabbea7483493273d"
url = "https://github.com/kubernetes-sigs/kustomize/releases/download/kustomize/v5.7.1/kustomize_v5.7.1_darwin_amd64.tar.gz"

[tools."aqua:kubernetes-sigs/kustomize"."platforms.windows-x64"]
checksum = "sha256:4704f8b47582c1c52bf76a50b37178f7f7de17f892713794a8bf44b01b50e0ce"
url = "https://github.com/kubernetes-sigs/kustomize/releases/download/kustomize/v5.7.1/kustomize_v5.7.1_windows_amd64.zip"

[[tools."aqua:kubernetes/kubernetes/kubectl"]]
version = "1.36.2"
backend = "aqua:kubernetes/kubernetes/kubectl"

[tools."aqua:kubernetes/kubernetes/kubectl"."platforms.linux-arm64"]
checksum = "sha256:c957eb8c4bea27a3bb35b269edd9082e27f027f7b76b20b5bf4afebc726c6d3e"
url = "https://dl.k8s.io/v1.36.2/bin/linux/arm64/kubectl"

[tools."aqua:kubernetes/kubernetes/kubectl"."platforms.linux-arm64-musl"]
checksum = "sha256:c957eb8c4bea27a3bb35b269edd9082e27f027f7b76b20b5bf4afebc726c6d3e"
url = "https://dl.k8s.io/v1.36.2/bin/linux/arm64/kubectl"

[tools."aqua:kubernetes/kubernetes/kubectl"."platforms.linux-x64"]
checksum = "sha256:1e9045ec32bea85da43de85f0065358529ea7c7a152eca78154fba5b58c27d82"
url = "https://dl.k8s.io/v1.36.2/bin/linux/amd64/kubectl"

[tools."aqua:kubernetes/kubernetes/kubectl"."platforms.linux-x64-musl"]
checksum = "sha256:1e9045ec32bea85da43de85f0065358529ea7c7a152eca78154fba5b58c27d82"
url = "https://dl.k8s.io/v1.36.2/bin/linux/amd64/kubectl"

[tools."aqua:kubernetes/kubernetes/kubectl"."platforms.macos-arm64"]
checksum = "sha256:4408c85c83fd3a31adaa555bdf3c7a6c81f74b19449a9060ba31ab91926f023d"
url = "https://dl.k8s.io/v1.36.2/bin/darwin/arm64/kubectl"

[tools."aqua:kubernetes/kubernetes/kubectl"."platforms.macos-x64"]
checksum = "sha256:ce6c5e55cd17559e87e4fb5e73ebbbc2511bcf2b695d7a40c1b1461a9817d4b3"
url = "https://dl.k8s.io/v1.36.2/bin/darwin/amd64/kubectl"

[tools."aqua:kubernetes/kubernetes/kubectl"."platforms.windows-x64"]
checksum = "sha256:df04d82234b28ffbdcd36e79d596b85da6e9c736e1a7a55ff6910c648ff47af2"
url = "https://dl.k8s.io/v1.36.2/bin/windows/amd64/kubectl.exe"

[[tools."aqua:mikefarah/yq"]]
version = "4.53.3"
backend = "aqua:mikefarah/yq"

[tools."aqua:mikefarah/yq"."platforms.linux-arm64"]
checksum = "sha256:578648e463a11c1b6db6010cbf41eafed6bee79466fcffa1bb446672cf7945ea"
url = "https://github.com/mikefarah/yq/releases/download/v4.53.3/yq_linux_arm64"

[tools."aqua:mikefarah/yq"."platforms.linux-arm64-musl"]
checksum = "sha256:578648e463a11c1b6db6010cbf41eafed6bee79466fcffa1bb446672cf7945ea"
url = "https://github.com/mikefarah/yq/releases/download/v4.53.3/yq_linux_arm64"

[tools."aqua:mikefarah/yq"."platforms.linux-x64"]
checksum = "sha256:fa52a4e758c63d38299163fbdd1edfb4c4963247918bf9c1c5d31d84789eded4"
url = "https://github.com/mikefarah/yq/releases/download/v4.53.3/yq_linux_amd64"

[tools."aqua:mikefarah/yq"."platforms.linux-x64-musl"]
checksum = "sha256:fa52a4e758c63d38299163fbdd1edfb4c4963247918bf9c1c5d31d84789eded4"
url = "https://github.com/mikefarah/yq/releases/download/v4.53.3/yq_linux_amd64"

[tools."aqua:mikefarah/yq"."platforms.macos-arm64"]
checksum = "sha256:877de31753a4dd2401aa048937aa9a7fc4d5f6ce858cf31508c5802954297213"
url = "https://github.com/mikefarah/yq/releases/download/v4.53.3/yq_darwin_arm64"

[tools."aqua:mikefarah/yq"."platforms.macos-x64"]
checksum = "sha256:b4ba1ecce3c47f00803f4f964de38394326c7a32eb6540616e04fb2935a0f08d"
url = "https://github.com/mikefarah/yq/releases/download/v4.53.3/yq_darwin_amd64"

[tools."aqua:mikefarah/yq"."platforms.windows-x64"]
checksum = "sha256:e279bc506a452eeafcdf364f91a025455e402a8001169083caf01f4b64a544e2"
url = "https://github.com/mikefarah/yq/releases/download/v4.53.3/yq_windows_amd64.exe"

[[tools."aqua:siderolabs/talos"]]
version = "1.13.5"
backend = "aqua:siderolabs/talos"

[tools."aqua:siderolabs/talos"."platforms.linux-arm64"]
checksum = "sha256:bd053d8264c1b0c091cbaf15e7b414ab1cd14a56ddd5860f2e2ba01e5aee3bc3"
url = "https://github.com/siderolabs/talos/releases/download/v1.13.5/talosctl-linux-arm64"
provenance = "cosign"

[tools."aqua:siderolabs/talos"."platforms.linux-arm64-musl"]
checksum = "sha256:bd053d8264c1b0c091cbaf15e7b414ab1cd14a56ddd5860f2e2ba01e5aee3bc3"
url = "https://github.com/siderolabs/talos/releases/download/v1.13.5/talosctl-linux-arm64"
provenance = "cosign"

[tools."aqua:siderolabs/talos"."platforms.linux-x64"]
checksum = "sha256:cb12209727c0c4d57d74c0595f34d441ba491421e1d3c8a5142ed91028a20232"
url = "https://github.com/siderolabs/talos/releases/download/v1.13.5/talosctl-linux-amd64"
provenance = "cosign"

[tools."aqua:siderolabs/talos"."platforms.linux-x64-musl"]
checksum = "sha256:cb12209727c0c4d57d74c0595f34d441ba491421e1d3c8a5142ed91028a20232"
url = "https://github.com/siderolabs/talos/releases/download/v1.13.5/talosctl-linux-amd64"
provenance = "cosign"

[tools."aqua:siderolabs/talos"."platforms.macos-arm64"]
checksum = "sha256:5cfc42f5a51b01ea391c9760a1c5450517f7e85a74d145fd20b6abc4ac1df37e"
url = "https://github.com/siderolabs/talos/releases/download/v1.13.5/talosctl-darwin-arm64"
provenance = "cosign"

[tools."aqua:siderolabs/talos"."platforms.macos-x64"]
checksum = "sha256:b5808a8f650c53987d0133704259f3cdf31c081710bda598f9b4cab934abc78c"
url = "https://github.com/siderolabs/talos/releases/download/v1.13.5/talosctl-darwin-amd64"
provenance = "cosign"

[tools."aqua:siderolabs/talos"."platforms.windows-x64"]
checksum = "sha256:dd36d21d7157568387fa62e4f092b8a8536bb85f2362ababee493c503e48a0f2"
url = "https://github.com/siderolabs/talos/releases/download/v1.13.5/talosctl-windows-amd64.exe"
provenance = "cosign"

[[tools."aqua:yannh/kubeconform"]]
version = "0.8.0"
backend = "aqua:yannh/kubeconform"

[tools."aqua:yannh/kubeconform"."platforms.linux-arm64"]
checksum = "sha256:1f53fc8e81258197a35e8603054162a5af1de8c5af13746c71ab680d9534ed87"
url = "https://github.com/yannh/kubeconform/releases/download/v0.8.0/kubeconform-linux-arm64.tar.gz"

[tools."aqua:yannh/kubeconform"."platforms.linux-arm64-musl"]
checksum = "sha256:1f53fc8e81258197a35e8603054162a5af1de8c5af13746c71ab680d9534ed87"
url = "https://github.com/yannh/kubeconform/releases/download/v0.8.0/kubeconform-linux-arm64.tar.gz"

[tools."aqua:yannh/kubeconform"."platforms.linux-x64"]
checksum = "sha256:9bc2bffbf71f261128533edaf912153948b7ff238f9a531ae6d34466ec287883"
url = "https://github.com/yannh/kubeconform/releases/download/v0.8.0/kubeconform-linux-amd64.tar.gz"

[tools."aqua:yannh/kubeconform"."platforms.linux-x64-musl"]
checksum = "sha256:9bc2bffbf71f261128533edaf912153948b7ff238f9a531ae6d34466ec287883"
url = "https://github.com/yannh/kubeconform/releases/download/v0.8.0/kubeconform-linux-amd64.tar.gz"

[tools."aqua:yannh/kubeconform"."platforms.macos-arm64"]
checksum = "sha256:f84f4dfbebf4a6b0b230385fa065a39ea35e02608c2b50d025dcf64775a69d67"
url = "https://github.com/yannh/kubeconform/releases/download/v0.8.0/kubeconform-darwin-arm64.tar.gz"

[tools."aqua:yannh/kubeconform"."platforms.macos-x64"]
checksum = "sha256:71dbc87ac9f24099a62b93570e65aa06312ba6ac8aea63b7f86e9d999edf5a92"
url = "https://github.com/yannh/kubeconform/releases/download/v0.8.0/kubeconform-darwin-amd64.tar.gz"

[tools."aqua:yannh/kubeconform"."platforms.windows-x64"]
checksum = "sha256:e3f56102bcf4f50b034a567e2482a1c5330799983ddd655952310211aef73d93"
url = "https://github.com/yannh/kubeconform/releases/download/v0.8.0/kubeconform-windows-amd64.zip"

[[tools."github:EnterpriseDB/kubectl-cnp"]]
version = "1.30.0"
backend = "github:EnterpriseDB/kubectl-cnp"

[tools."github:EnterpriseDB/kubectl-cnp"."platforms.linux-arm64"]
checksum = "sha256:fdaf0fc146a7605c1feadd8eeb81d5933e90cc548b3dc76eb97a82473f212795"
url = "https://github.com/EnterpriseDB/kubectl-cnp/releases/download/v1.30.0/kubectl-cnp_1.30.0_linux_arm64.tar.gz"
url_api = "https://api.github.com/repos/EnterpriseDB/kubectl-cnp/releases/assets/462243291"

[tools."github:EnterpriseDB/kubectl-cnp"."platforms.linux-arm64-musl"]
checksum = "sha256:fdaf0fc146a7605c1feadd8eeb81d5933e90cc548b3dc76eb97a82473f212795"
url = "https://github.com/EnterpriseDB/kubectl-cnp/releases/download/v1.30.0/kubectl-cnp_1.30.0_linux_arm64.tar.gz"
url_api = "https://api.github.com/repos/EnterpriseDB/kubectl-cnp/releases/assets/462243291"

[tools."github:EnterpriseDB/kubectl-cnp"."platforms.linux-x64"]
checksum = "sha256:56397e5b80b9be1ee867ae179e2fcb7ae8ba0815a5ccf362929f48afe199501c"
url = "https://github.com/EnterpriseDB/kubectl-cnp/releases/download/v1.30.0/kubectl-cnp_1.30.0_linux_x86_64.tar.gz"
url_api = "https://api.github.com/repos/EnterpriseDB/kubectl-cnp/releases/assets/462243335"

[tools."github:EnterpriseDB/kubectl-cnp"."platforms.linux-x64-musl"]
checksum = "sha256:56397e5b80b9be1ee867ae179e2fcb7ae8ba0815a5ccf362929f48afe199501c"
url = "https://github.com/EnterpriseDB/kubectl-cnp/releases/download/v1.30.0/kubectl-cnp_1.30.0_linux_x86_64.tar.gz"
url_api = "https://api.github.com/repos/EnterpriseDB/kubectl-cnp/releases/assets/462243335"

[tools."github:EnterpriseDB/kubectl-cnp"."platforms.macos-arm64"]
checksum = "sha256:c1cc192a3f812fe2bda921c9b47393e03daff46bc12a53746269166eec7d2639"
url = "https://github.com/EnterpriseDB/kubectl-cnp/releases/download/v1.30.0/kubectl-cnp_1.30.0_darwin_arm64.tar.gz"
url_api = "https://api.github.com/repos/EnterpriseDB/kubectl-cnp/releases/assets/462243336"

[tools."github:EnterpriseDB/kubectl-cnp"."platforms.macos-x64"]
checksum = "sha256:04d8066589a272c56b0255b704b5439c59ea72e7971d51d22d3ba735b0e226af"
url = "https://github.com/EnterpriseDB/kubectl-cnp/releases/download/v1.30.0/kubectl-cnp_1.30.0_darwin_x86_64.tar.gz"
url_api = "https://api.github.com/repos/EnterpriseDB/kubectl-cnp/releases/assets/462243308"

[tools."github:EnterpriseDB/kubectl-cnp"."platforms.windows-x64"]
checksum = "sha256:361de8793798cea18646e988c78530226caf3ba5acf0eb90280ed1956a4675a8"
url = "https://github.com/EnterpriseDB/kubectl-cnp/releases/download/v1.30.0/kubectl-cnp_1.30.0_windows_x86_64.tar.gz"
url_api = "https://api.github.com/repos/EnterpriseDB/kubectl-cnp/releases/assets/462243288"

[[tools."github:charmbracelet/gum"]]
version = "0.17.0"
backend = "github:charmbracelet/gum"

[tools."github:charmbracelet/gum"."platforms.linux-arm64"]
checksum = "sha256:b0b9ed95cbf7c8b7073f17b9591811f5c001e33c7cfd066ca83ce8a07c576f9c"
url = "https://github.com/charmbracelet/gum/releases/download/v0.17.0/gum_0.17.0_Linux_arm64.tar.gz"
url_api = "https://api.github.com/repos/charmbracelet/gum/releases/assets/290080957"

[tools."github:charmbracelet/gum"."platforms.linux-arm64-musl"]
checksum = "sha256:b0b9ed95cbf7c8b7073f17b9591811f5c001e33c7cfd066ca83ce8a07c576f9c"
url = "https://github.com/charmbracelet/gum/releases/download/v0.17.0/gum_0.17.0_Linux_arm64.tar.gz"
url_api = "https://api.github.com/repos/charmbracelet/gum/releases/assets/290080957"

[tools."github:charmbracelet/gum"."platforms.linux-x64"]
checksum = "sha256:69ee169bd6387331928864e94d47ed01ef649fbfe875baed1bbf27b5377a6fdb"
url = "https://github.com/charmbracelet/gum/releases/download/v0.17.0/gum_0.17.0_Linux_x86_64.tar.gz"
url_api = "https://api.github.com/repos/charmbracelet/gum/releases/assets/290080949"

[tools."github:charmbracelet/gum"."platforms.linux-x64-musl"]
checksum = "sha256:69ee169bd6387331928864e94d47ed01ef649fbfe875baed1bbf27b5377a6fdb"
url = "https://github.com/charmbracelet/gum/releases/download/v0.17.0/gum_0.17.0_Linux_x86_64.tar.gz"
url_api = "https://api.github.com/repos/charmbracelet/gum/releases/assets/290080949"

[tools."github:charmbracelet/gum"."platforms.macos-arm64"]
checksum = "sha256:e2a4b8596efa05821d8c58d0c1afbcd7ad1699ba69c689cc3ff23a4a99c8b237"
url = "https://github.com/charmbracelet/gum/releases/download/v0.17.0/gum_0.17.0_Darwin_arm64.tar.gz"
url_api = "https://api.github.com/repos/charmbracelet/gum/releases/assets/290080948"

[tools."github:charmbracelet/gum"."platforms.macos-x64"]
checksum = "sha256:cd66576aeebe6cd19c771863c7e8d696e0e1d5387d1e7075666baa67c2052e53"
url = "https://github.com/charmbracelet/gum/releases/download/v0.17.0/gum_0.17.0_Darwin_x86_64.tar.gz"
url_api = "https://api.github.com/repos/charmbracelet/gum/releases/assets/290080970"

[tools."github:charmbracelet/gum"."platforms.windows-x64"]
checksum = "sha256:b2be80531c6babc8d4e0e6ca95773d58118a2e1582ae006aace08dbc55503072"
url = "https://github.com/charmbracelet/gum/releases/download/v0.17.0/gum_0.17.0_Windows_x86_64.zip"
url_api = "https://api.github.com/repos/charmbracelet/gum/releases/assets/290080922"

[[tools."github:clbx/kubectl-browse-pvc"]]
version = "1.4.4"
backend = "github:clbx/kubectl-browse-pvc"

[tools."github:clbx/kubectl-browse-pvc"."platforms.linux-x64"]
checksum = "sha256:d539e655e0cc93a03793e1d82db1c86e0073aa6ccc54fd03e0ec2fabf48adbe5"
url = "https://github.com/clbx/kubectl-browse-pvc/releases/download/v1.4.4/kubectl-browse-pvc-linux-x86_64.zip"
url_api = "https://api.github.com/repos/clbx/kubectl-browse-pvc/releases/assets/398312394"

[tools."github:clbx/kubectl-browse-pvc"."platforms.linux-x64-musl"]
checksum = "sha256:d539e655e0cc93a03793e1d82db1c86e0073aa6ccc54fd03e0ec2fabf48adbe5"
url = "https://github.com/clbx/kubectl-browse-pvc/releases/download/v1.4.4/kubectl-browse-pvc-linux-x86_64.zip"
url_api = "https://api.github.com/repos/clbx/kubectl-browse-pvc/releases/assets/398312394"

[tools."github:clbx/kubectl-browse-pvc"."platforms.macos-x64"]
checksum = "sha256:ce1e43b3d9ec316a1949c0c06395bcd1aa83fe94763342eae647d5a6227ef257"
url = "https://github.com/clbx/kubectl-browse-pvc/releases/download/v1.4.4/kubectl-browse-pvc-darwin-x86_64.zip"
url_api = "https://api.github.com/repos/clbx/kubectl-browse-pvc/releases/assets/398312325"

[[tools."github:mitsuhiko/minijinja"]]
version = "2.21.0"
backend = "github:mitsuhiko/minijinja"

[tools."github:mitsuhiko/minijinja"."platforms.linux-arm64"]
checksum = "sha256:60c7d2aef34c311ce9598c483ab277e6185c555a7497b18bd5ff436eafb0f2f0"
url = "https://github.com/mitsuhiko/minijinja/releases/download/2.21.0/minijinja-cli-aarch64-unknown-linux-gnu.tar.xz"
url_api = "https://api.github.com/repos/mitsuhiko/minijinja/releases/assets/450244904"

[tools."github:mitsuhiko/minijinja"."platforms.linux-arm64-musl"]
checksum = "sha256:2fb95a98cee9650dd8e2124a28303c432e4a08ac7636336faa3d20e7a3f5ffee"
url = "https://github.com/mitsuhiko/minijinja/releases/download/2.21.0/minijinja-cli-aarch64-unknown-linux-musl.tar.xz"
url_api = "https://api.github.com/repos/mitsuhiko/minijinja/releases/assets/450244906"

[tools."github:mitsuhiko/minijinja"."platforms.linux-x64"]
checksum = "sha256:0e75820f2e833aa35af22365fc8fbadc3e65e62fd3af2d074b79a977afe22354"
url = "https://github.com/mitsuhiko/minijinja/releases/download/2.21.0/minijinja-cli-x86_64-unknown-linux-gnu.tar.xz"
url_api = "https://api.github.com/repos/mitsuhiko/minijinja/releases/assets/450244942"

[tools."github:mitsuhiko/minijinja"."platforms.linux-x64-musl"]
checksum = "sha256:d2c91c46739f7e41b8666d877a65881c180f81011890da9229d2a4b1e1991b2f"
url = "https://github.com/mitsuhiko/minijinja/releases/download/2.21.0/minijinja-cli-x86_64-unknown-linux-musl.tar.xz"
url_api = "https://api.github.com/repos/mitsuhiko/minijinja/releases/assets/450244948"

[tools."github:mitsuhiko/minijinja"."platforms.macos-arm64"]
checksum = "sha256:894dd61341cb9e6e2ca305c9d4d9191aed011d58b7bcb189fe881acb10c282a2"
url = "https://github.com/mitsuhiko/minijinja/releases/download/2.21.0/minijinja-cli-aarch64-apple-darwin.tar.xz"
url_api = "https://api.github.com/repos/mitsuhiko/minijinja/releases/assets/450244892"

[tools."github:mitsuhiko/minijinja"."platforms.macos-x64"]
checksum = "sha256:059372d00d5cc02f21a6088ed71b63dac89e433a560e6ccce2f5ad2ad9937233"
url = "https://github.com/mitsuhiko/minijinja/releases/download/2.21.0/minijinja-cli-x86_64-apple-darwin.tar.xz"
url_api = "https://api.github.com/repos/mitsuhiko/minijinja/releases/assets/450244932"

[tools."github:mitsuhiko/minijinja"."platforms.windows-x64"]
checksum = "sha256:ce86a18d883e82b8b46d2480db6a80233e50d1452fab3a513d8e0d396f34014e"
url = "https://github.com/mitsuhiko/minijinja/releases/download/2.21.0/minijinja-cli-x86_64-pc-windows-msvc.zip"
url_api = "https://api.github.com/repos/mitsuhiko/minijinja/releases/assets/450244937"

[[tools."github:rook/kubectl-rook-ceph"]]
version = "0.9.6"
backend = "github:rook/kubectl-rook-ceph"

[tools."github:rook/kubectl-rook-ceph"."platforms.linux-arm64"]
checksum = "sha256:ef5713c75c28f03a41f8145203a09793058bb5fb7d5732b7d39e48bba715bfa6"
url = "https://github.com/rook/kubectl-rook-ceph/releases/download/v0.9.6/kubectl-rook-ceph_v0.9.6_linux_arm64.tar.gz"
url_api = "https://api.github.com/repos/rook/kubectl-rook-ceph/releases/assets/385517926"

[tools."github:rook/kubectl-rook-ceph"."platforms.linux-arm64-musl"]
checksum = "sha256:ef5713c75c28f03a41f8145203a09793058bb5fb7d5732b7d39e48bba715bfa6"
url = "https://github.com/rook/kubectl-rook-ceph/releases/download/v0.9.6/kubectl-rook-ceph_v0.9.6_linux_arm64.tar.gz"
url_api = "https://api.github.com/repos/rook/kubectl-rook-ceph/releases/assets/385517926"

[tools."github:rook/kubectl-rook-ceph"."platforms.linux-x64"]
checksum = "sha256:8e26b3d42a6e32483a4326e0fa55008edbceac93ae6fa2d51d76151590e1da29"
url = "https://github.com/rook/kubectl-rook-ceph/releases/download/v0.9.6/kubectl-rook-ceph_v0.9.6_linux_amd64.tar.gz"
url_api = "https://api.github.com/repos/rook/kubectl-rook-ceph/releases/assets/385517923"

[tools."github:rook/kubectl-rook-ceph"."platforms.linux-x64-musl"]
checksum = "sha256:8e26b3d42a6e32483a4326e0fa55008edbceac93ae6fa2d51d76151590e1da29"
url = "https://github.com/rook/kubectl-rook-ceph/releases/download/v0.9.6/kubectl-rook-ceph_v0.9.6_linux_amd64.tar.gz"
url_api = "https://api.github.com/repos/rook/kubectl-rook-ceph/releases/assets/385517923"

[tools."github:rook/kubectl-rook-ceph"."platforms.macos-arm64"]
checksum = "sha256:275a19f06fb598d7897ef4aac9c2391bfa50dc99df9eac43fcc8d8e053e80525"
url = "https://github.com/rook/kubectl-rook-ceph/releases/download/v0.9.6/kubectl-rook-ceph_v0.9.6_darwin_arm64.tar.gz"
url_api = "https://api.github.com/repos/rook/kubectl-rook-ceph/releases/assets/385517947"

[tools."github:rook/kubectl-rook-ceph"."platforms.macos-x64"]
checksum = "sha256:0797cd0664039335c3fd33476f393e0e71935b347448aaf517fb78e12a96540b"
url = "https://github.com/rook/kubectl-rook-ceph/releases/download/v0.9.6/kubectl-rook-ceph_v0.9.6_darwin_amd64.tar.gz"
url_api = "https://api.github.com/repos/rook/kubectl-rook-ceph/releases/assets/385517925"

[tools."github:rook/kubectl-rook-ceph"."platforms.windows-x64"]
checksum = "sha256:74b2e645f5ae34fa742c4d0850e00e3e8b2f614f867963af53f352dda8541a24"
url = "https://github.com/rook/kubectl-rook-ceph/releases/download/v0.9.6/kubectl-rook-ceph_v0.9.6_windows_amd64.tar.gz"
url_api = "https://api.github.com/repos/rook/kubectl-rook-ceph/releases/assets/385517927"

[[tools.node]]
version = "26.4.0"
backend = "core:node"

[tools.node."platforms.linux-arm64"]
checksum = "sha256:773d9ec67266838270ddc105c2548ae8aaff28bc8fe6f34c55d1094043c4165e"
url = "https://nodejs.org/dist/v26.4.0/node-v26.4.0-linux-arm64.tar.gz"

[tools.node."platforms.linux-arm64-musl"]
checksum = "sha256:d2ad8c6e9fa955edf0337078c1d1acda345d36a84986b218cce3cfd1d2d26920"
url = "https://unofficial-builds.nodejs.org/download/release/v26.4.0/node-v26.4.0-linux-arm64-musl.tar.gz"

[tools.node."platforms.linux-x64"]
checksum = "sha256:f221dab30d0e9d544332f06fbee2c62186c97d864d5cac8482dba34f1e38b8dc"
url = "https://nodejs.org/dist/v26.4.0/node-v26.4.0-linux-x64.tar.gz"

[tools.node."platforms.linux-x64-musl"]
checksum = "sha256:554e960f6570bd3d1987f5170d8f2a373a21818581a8d307b697e7839988314a"
url = "https://unofficial-builds.nodejs.org/download/release/v26.4.0/node-v26.4.0-linux-x64-musl.tar.gz"

[tools.node."platforms.macos-arm64"]
checksum = "sha256:4f4fbcacf6b1ff1a95deedba7bd7b2d79efecaa53a8ecb0530546dc9063fefbc"
url = "https://nodejs.org/dist/v26.4.0/node-v26.4.0-darwin-arm64.tar.gz"

[tools.node."platforms.macos-x64"]
checksum = "sha256:eb3bdd8dec3ff2558ee10e284da7d2a3865af0cbda21f06d397b0265837c641e"
url = "https://nodejs.org/dist/v26.4.0/node-v26.4.0-darwin-x64.tar.gz"

[tools.node."platforms.windows-x64"]
checksum = "sha256:5f87d038c6ec442aa46b9126f8ca170acbd2f3b9b9152ca798cf54596a31e214"
url = "https://nodejs.org/dist/v26.4.0/node-v26.4.0-win-x64.zip"

[[tools.oxfmt]]
version = "0.57.0"
backend = "npm:oxfmt"

[[tools."pipx:flux-local"]]
version = "8.3.0"
backend = "pipx:flux-local"

[[tools."pipx:makejinja"]]
version = "2.8.2"
backend = "pipx:makejinja"

[[tools.uv]]
version = "0.11.26"
backend = "aqua:astral-sh/uv"

[tools.uv."platforms.linux-arm64"]
checksum = "sha256:47418cfdb34b1ca42e503da72631ac8c475602e2411ac6c39aa84c2373fe6324"
url = "https://github.com/astral-sh/uv/releases/download/0.11.26/uv-aarch64-unknown-linux-musl.tar.gz"
provenance = "github-attestations"

[tools.uv."platforms.linux-arm64-musl"]
checksum = "sha256:47418cfdb34b1ca42e503da72631ac8c475602e2411ac6c39aa84c2373fe6324"
url = "https://github.com/astral-sh/uv/releases/download/0.11.26/uv-aarch64-unknown-linux-musl.tar.gz"
provenance = "github-attestations"

[tools.uv."platforms.linux-x64"]
checksum = "sha256:62bf1a53501adf4083224b69b33737450ac516935f5a5e483e9dfaf2665084de"
url = "https://github.com/astral-sh/uv/releases/download/0.11.26/uv-x86_64-unknown-linux-musl.tar.gz"
provenance = "github-attestations"

[tools.uv."platforms.linux-x64-musl"]
checksum = "sha256:62bf1a53501adf4083224b69b33737450ac516935f5a5e483e9dfaf2665084de"
url = "https://github.com/astral-sh/uv/releases/download/0.11.26/uv-x86_64-unknown-linux-musl.tar.gz"
provenance = "github-attestations"

[tools.uv."platforms.macos-arm64"]
checksum = "sha256:8f7fbf1708399b921857bce71e1d60f0d3ccf52a30caebc1c1a2f175dce13ab6"
url = "https://github.com/astral-sh/uv/releases/download/0.11.26/uv-aarch64-apple-darwin.tar.gz"
provenance = "github-attestations"

[tools.uv."platforms.macos-x64"]
checksum = "sha256:922b460202707dd5f4ccacbadbe7f6a546cc46e82a99bf50ca99a7977a78eddd"
url = "https://github.com/astral-sh/uv/releases/download/0.11.26/uv-x86_64-apple-darwin.tar.gz"
provenance = "github-attestations"

[tools.uv."platforms.windows-x64"]
checksum = "sha256:4e1278ede866be6c0bf32d2f466cc6de7a9fb399ecf20c9ce2d186e52424be47"
url = "https://github.com/astral-sh/uv/releases/download/0.11.26/uv-x86_64-pc-windows-msvc.zip"
provenance = "github-attestations"

[[tools.vals]]
version = "0.44.2"
backend = "aqua:helmfile/vals"

[tools.vals."platforms.linux-arm64"]
checksum = "sha256:97e320f9725982d7bd05c19c3f4a0bed3169353956f35ae220f7231ed441c0b7"
url = "https://github.com/helmfile/vals/releases/download/v0.44.2/vals_0.44.2_linux_arm64.tar.gz"

[tools.vals."platforms.linux-arm64-musl"]
checksum = "sha256:97e320f9725982d7bd05c19c3f4a0bed3169353956f35ae220f7231ed441c0b7"
url = "https://github.com/helmfile/vals/releases/download/v0.44.2/vals_0.44.2_linux_arm64.tar.gz"

[tools.vals."platforms.linux-x64"]
checksum = "sha256:b3a5994c635c912a2d98445e4d816fad06040748090401fdd8df38f0eba95307"
url = "https://github.com/helmfile/vals/releases/download/v0.44.2/vals_0.44.2_linux_amd64.tar.gz"

[tools.vals."platforms.linux-x64-musl"]
checksum = "sha256:b3a5994c635c912a2d98445e4d816fad06040748090401fdd8df38f0eba95307"
url = "https://github.com/helmfile/vals/releases/download/v0.44.2/vals_0.44.2_linux_amd64.tar.gz"

[tools.vals."platforms.macos-arm64"]
checksum = "sha256:cbe682cf79365652f5c30530a13ffc03af91e71eb0c5ab9ac0900e1a0daa7013"
url = "https://github.com/helmfile/vals/releases/download/v0.44.2/vals_0.44.2_darwin_arm64.tar.gz"

[tools.vals."platforms.macos-x64"]
checksum = "sha256:06bee9abf60e4899b2a92e282f9f08fb5471ab7dd6e512035985b49676e793b2"
url = "https://github.com/helmfile/vals/releases/download/v0.44.2/vals_0.44.2_darwin_amd64.tar.gz"

[tools.vals."platforms.windows-x64"]
checksum = "sha256:45dbf9b60685a5ccdff1758e3c776ff51a68c5d7af642f63a9a4a5d7de466efc"
url = "https://github.com/helmfile/vals/releases/download/v0.44.2/vals_0.44.2_windows_amd64.tar.gz"
